
Microsoft Visual Studio Solution File, Format Version 12.00
# Visual Studio Version 17
VisualStudioVersion = 17.13.35919.96 d17.13
MinimumVisualStudioVersion = 10.0.40219.1
Project("{FAE04EC0-301F-11D3-BF4B-00C04F79EFBC}") = "RealTimeChatApplicationClient1", "RealTimeChatApplicationClient1\RealTimeChatApplicationClient1.csproj", "{ADF66ED9-E832-4F5D-BE71-51A3BBFA0314}"
EndProject
Global
	GlobalSection(SolutionConfigurationPlatforms) = preSolution
		Debug|Any CPU = Debug|Any CPU
		Release|Any CPU = Release|Any CPU
	EndGlobalSection
	GlobalSection(ProjectConfigurationPlatforms) = postSolution
		{ADF66ED9-E832-4F5D-BE71-51A3BBFA0314}.Debug|Any CPU.ActiveCfg = Debug|Any CPU
		{ADF66ED9-E832-4F5D-BE71-51A3BBFA0314}.Debug|Any CPU.Build.0 = Debug|Any CPU
		{ADF66ED9-E832-4F5D-BE71-51A3BBFA0314}.Release|Any CPU.ActiveCfg = Release|Any CPU
		{ADF66ED9-E832-4F5D-BE71-51A3BBFA0314}.Release|Any CPU.Build.0 = Release|Any CPU
	EndGlobalSection
	GlobalSection(SolutionProperties) = preSolution
		HideSolutionNode = FALSE
	EndGlobalSection
	GlobalSection(ExtensibilityGlobals) = postSolution
		SolutionGuid = {8BC9211A-B7F0-47D4-AB8C-070FCF8D087A}
	EndGlobalSection
EndGlobal
